
Microsoft Visual Studio Solution File, Format Version 12.00
# Visual Studio 15
Project("{2150E333-8FDC-42A3-9474-1A3956D46DE8}") = "0 - Domain", "0 - Domain", "{C858E672-2416-4BBE-AA88-8DB426839238}"
EndProject
Project("{2150E333-8FDC-42A3-9474-1A3956D46DE8}") = "1 - Tests", "1 - Tests", "{9AD07E14-9F14-47D0-8080-9C3ADCDD864A}"
EndProject
Project("{2150E333-8FDC-42A3-9474-1A3956D46DE8}") = "2 - Infra", "2 - Infra", "{EC1C8609-638D-4AA6-8160-9F2ED09F46BF}"
EndProject
Project("{2150E333-8FDC-42A3-9474-1A3956D46DE8}") = "3 - Application", "3 - Application", "{1C5F3E39-F07C-43CB-973B-9869008F9D03}"
EndProject
Project("{2150E333-8FDC-42A3-9474-1A3956D46DE8}") = "4 - API", "4 - API", "{105FAA78-1B4A-4EF9-A55F-A4366040F6DB}"
EndProject
Project("{2150E333-8FDC-42A3-9474-1A3956D46DE8}") = "5 - Presentation", "5 - Presentation", "{2CD600A6-8243-461C-BDA2-7807A8A0C2FD}"
EndProject
Project("{FAE04EC0-301F-11D3-BF4B-00C04F79EFBC}") = "Switch.Domain", "Switch.Domain\Switch.Domain.csproj", "{52C53FF0-1303-4194-A217-9562534B35E8}"
EndProject
Project("{FAE04EC0-301F-11D3-BF4B-00C04F79EFBC}") = "Switch.Domain.Tests", "Switch.Domain.Tests\Switch.Domain.Tests.csproj", "{29E6DA1B-041D-4A6F-B254-D0EE131C08D7}"
EndProject
Project("{2150E333-8FDC-42A3-9474-1A3956D46DE8}") = "2.1 CrossCutting", "2.1 CrossCutting", "{2C7506B4-713D-4D81-8B6E-DBD189541321}"
EndProject
Project("{2150E333-8FDC-42A3-9474-1A3956D46DE8}") = "2.2 Data", "2.2 Data", "{60FB1FF3-BB6B-483A-8D51-54613C156A67}"
EndProject
Project("{FAE04EC0-301F-11D3-BF4B-00C04F79EFBC}") = "Switch.Infra.Data", "Switch.Infra.Data\Switch.Infra.Data.csproj", "{D889BAE1-F284-4404-947A-1246846B6BDD}"
EndProject
Project("{FAE04EC0-301F-11D3-BF4B-00C04F79EFBC}") = "Switch.Application", "Switch.Application\Switch.Application.csproj", "{4A0586AF-26F6-468A-BC8D-7CD85E7D4736}"
EndProject
Project("{FAE04EC0-301F-11D3-BF4B-00C04F79EFBC}") = "Switch.API", "Switch.API\Switch.API.csproj", "{EDDCB0CC-DFD3-4CE3-8142-D89D27A3B53C}"
EndProject
Global
	GlobalSection(SolutionConfigurationPlatforms) = preSolution
		Debug|Any CPU = Debug|Any CPU
		Release|Any CPU = Release|Any CPU
	EndGlobalSection
	GlobalSection(ProjectConfigurationPlatforms) = postSolution
		{52C53FF0-1303-4194-A217-9562534B35E8}.Debug|Any CPU.ActiveCfg = Debug|Any CPU
		{52C53FF0-1303-4194-A217-9562534B35E8}.Debug|Any CPU.Build.0 = Debug|Any CPU
		{52C53FF0-1303-4194-A217-9562534B35E8}.Release|Any CPU.ActiveCfg = Release|Any CPU
		{52C53FF0-1303-4194-A217-9562534B35E8}.Release|Any CPU.Build.0 = Release|Any CPU
		{29E6DA1B-041D-4A6F-B254-D0EE131C08D7}.Debug|Any CPU.ActiveCfg = Debug|Any CPU
		{29E6DA1B-041D-4A6F-B254-D0EE131C08D7}.Debug|Any CPU.Build.0 = Debug|Any CPU
		{29E6DA1B-041D-4A6F-B254-D0EE131C08D7}.Release|Any CPU.ActiveCfg = Release|Any CPU
		{29E6DA1B-041D-4A6F-B254-D0EE131C08D7}.Release|Any CPU.Build.0 = Release|Any CPU
		{D889BAE1-F284-4404-947A-1246846B6BDD}.Debug|Any CPU.ActiveCfg = Debug|Any CPU
		{D889BAE1-F284-4404-947A-1246846B6BDD}.Debug|Any CPU.Build.0 = Debug|Any CPU
		{D889BAE1-F284-4404-947A-1246846B6BDD}.Release|Any CPU.ActiveCfg = Release|Any CPU
		{D889BAE1-F284-4404-947A-1246846B6BDD}.Release|Any CPU.Build.0 = Release|Any CPU
		{4A0586AF-26F6-468A-BC8D-7CD85E7D4736}.Debug|Any CPU.ActiveCfg = Debug|Any CPU
		{4A0586AF-26F6-468A-BC8D-7CD85E7D4736}.Debug|Any CPU.Build.0 = Debug|Any CPU
		{4A0586AF-26F6-468A-BC8D-7CD85E7D4736}.Release|Any CPU.ActiveCfg = Release|Any CPU
		{4A0586AF-26F6-468A-BC8D-7CD85E7D4736}.Release|Any CPU.Build.0 = Release|Any CPU
		{EDDCB0CC-DFD3-4CE3-8142-D89D27A3B53C}.Debug|Any CPU.ActiveCfg = Debug|Any CPU
		{EDDCB0CC-DFD3-4CE3-8142-D89D27A3B53C}.Debug|Any CPU.Build.0 = Debug|Any CPU
		{EDDCB0CC-DFD3-4CE3-8142-D89D27A3B53C}.Release|Any CPU.ActiveCfg = Release|Any CPU
		{EDDCB0CC-DFD3-4CE3-8142-D89D27A3B53C}.Release|Any CPU.Build.0 = Release|Any CPU
	EndGlobalSection
	GlobalSection(NestedProjects) = preSolution
		{52C53FF0-1303-4194-A217-9562534B35E8} = {C858E672-2416-4BBE-AA88-8DB426839238}
		{29E6DA1B-041D-4A6F-B254-D0EE131C08D7} = {9AD07E14-9F14-47D0-8080-9C3ADCDD864A}
		{2C7506B4-713D-4D81-8B6E-DBD189541321} = {EC1C8609-638D-4AA6-8160-9F2ED09F46BF}
		{60FB1FF3-BB6B-483A-8D51-54613C156A67} = {EC1C8609-638D-4AA6-8160-9F2ED09F46BF}
		{D889BAE1-F284-4404-947A-1246846B6BDD} = {60FB1FF3-BB6B-483A-8D51-54613C156A67}
		{4A0586AF-26F6-468A-BC8D-7CD85E7D4736} = {1C5F3E39-F07C-43CB-973B-9869008F9D03}
		{EDDCB0CC-DFD3-4CE3-8142-D89D27A3B53C} = {105FAA78-1B4A-4EF9-A55F-A4366040F6DB}
	EndGlobalSection
EndGlobal
